{
  "name": "arma-bridge",
  "version": "1.0.0",
  "lockfileVersion": 3,
  "requires": true,
  "packages": {
    "": {
      "name": "arma-bridge",
      "version": "1.0.0",
      "dependencies": {
        "@bis-toolkit/paa": "^1.0.2",
        "pngjs": "^7.0.0",
        "tail": "^2.2.6",
        "ws": "^8.20.0"
      }
    },
    "node_modules/@bis-toolkit/bcn": {
      "version": "1.0.2",
      "resolved": "https://registry.npmjs.org/@bis-toolkit/bcn/-/bcn-1.0.2.tgz",
      "integrity": "sha512-9jLhXrCUP2RPQ/ntil6zEubNDWoFpTgWxSMCI0gEoW69F4+IwvRQiGagQbkS/JVLbLznhj0aOsFWYBxKRdAfFg==",
      "license": "GPL-3.0-or-later"
    },
    "node_modules/@bis-toolkit/paa": {
      "version": "1.0.2",
      "resolved": "https://registry.npmjs.org/@bis-toolkit/paa/-/paa-1.0.2.tgz",
      "integrity": "sha512-PoZss00HaQZ6RaybPeCizqnEfQax1GmQedoyRGHyZnAPrJGMNNLmg86A6Aa96XUXYJz2iLG7Zl6w7GuUC06BIg==",
      "license": "GPL-3.0-or-later",
      "dependencies": {
        "@bis-toolkit/bcn": "^1.0.0",
        "@bis-toolkit/utils": "^1.0.0"
      }
    },
    "node_modules/@bis-toolkit/utils": {
      "version": "1.0.2",
      "resolved": "https://registry.npmjs.org/@bis-toolkit/utils/-/utils-1.0.2.tgz",
      "integrity": "sha512-WZoUzpGDMdAnWlsahPE4/O7vmFPERVki7ygxB5Va2KWcDIuUI5pV9C8rlF8RTmijh/4cNg6d3kz+CAmo8aRF1A==",
      "license": "GPL-3.0-or-later"
    },
    "node_modules/pngjs": {
      "version": "7.0.0",
      "resolved": "https://registry.npmjs.org/pngjs/-/pngjs-7.0.0.tgz",
      "integrity": "sha512-LKWqWJRhstyYo9pGvgor/ivk2w94eSjE3RGVuzLGlr3NmD8bf7RcYGze1mNdEHRP6TRP6rMuDHk5t44hnTRyow==",
      "license": "MIT",
      "engines": {
        "node": ">=14.19.0"
      }
    },
    "node_modules/tail": {
      "version": "2.2.6",
      "resolved": "https://registry.npmjs.org/tail/-/tail-2.2.6.tgz",
      "integrity": "sha512-IQ6G4wK/t8VBauYiGPLx+d3fA5XjSVagjWV5SIYzvEvglbQjwEcukeYI68JOPpdydjxhZ9sIgzRlSmwSpphHyw==",
      "license": "MIT",
      "engines": {
        "node": ">= 6.0.0"
      }
    },
    "node_modules/ws": {
      "version": "8.20.0",
      "resolved": "https://registry.npmjs.org/ws/-/ws-8.20.0.tgz",
      "integrity": "sha512-sAt8BhgNbzCtgGbt2OxmpuryO63ZoDk/sqaB/znQm94T4fCEsy/yV+7CdC1kJhOU9lboAEU7R3kquuycDoibVA==",
      "license": "MIT",
      "engines": {
        "node": ">=10.0.0"
      },
      "peerDependencies": {
        "bufferutil": "^4.0.1",
        "utf-8-validate": ">=5.0.2"
      },
      "peerDependenciesMeta": {
        "bufferutil": {
          "optional": true
        },
        "utf-8-validate": {
          "optional": true
        }
      }
    }
  }
}
